
Microsoft Visual Studio Solution File, Format Version 12.00
# Visual Studio Version 16
VisualStudioVersion = 16.0.33529.622
MinimumVisualStudioVersion = 10.0.40219.1
Project("{FAE04EC0-301F-11D3-BF4B-00C04F79EFBC}") = "ProjetoMosquitoVelho", "ProjetoMosquitoVelho\ProjetoMosquitoVelho.csproj", "{D9A53F87-518F-4458-8DAF-C3BDD65BC471}"
EndProject
Global
	GlobalSection(SolutionConfigurationPlatforms) = preSolution
		Debug|Any CPU = Debug|Any CPU
		Release|Any CPU = Release|Any CPU
	EndGlobalSection
	GlobalSection(ProjectConfigurationPlatforms) = postSolution
		{D9A53F87-518F-4458-8DAF-C3BDD65BC471}.Debug|Any CPU.ActiveCfg = Debug|Any CPU
		{D9A53F87-518F-4458-8DAF-C3BDD65BC471}.Debug|Any CPU.Build.0 = Debug|Any CPU
		{D9A53F87-518F-4458-8DAF-C3BDD65BC471}.Release|Any CPU.ActiveCfg = Release|Any CPU
		{D9A53F87-518F-4458-8DAF-C3BDD65BC471}.Release|Any CPU.Build.0 = Release|Any CPU
	EndGlobalSection
	GlobalSection(SolutionProperties) = preSolution
		HideSolutionNode = FALSE
	EndGlobalSection
	GlobalSection(ExtensibilityGlobals) = postSolution
		SolutionGuid = {489A8DCC-836F-4A0E-AFC1-D8D91B978950}
	EndGlobalSection
EndGlobal
